
Microsoft Visual Studio Solution File, Format Version 12.00
# Visual Studio Version 16
VisualStudioVersion = 16.0.31005.135
MinimumVisualStudioVersion = 10.0.40219.1
Project("{FAE04EC0-301F-11D3-BF4B-00C04F79EFBC}") = "PasswordGenerator", "PasswordGenerator\PasswordGenerator.csproj", "{E776A1D5-5378-4DDE-AA87-1D5EB4F5095A}"
EndProject
Global
	GlobalSection(SolutionConfigurationPlatforms) = preSolution
		Debug|Any CPU = Debug|Any CPU
		Release|Any CPU = Release|Any CPU
	EndGlobalSection
	GlobalSection(ProjectConfigurationPlatforms) = postSolution
		{E776A1D5-5378-4DDE-AA87-1D5EB4F5095A}.Debug|Any CPU.ActiveCfg = Debug|Any CPU
		{E776A1D5-5378-4DDE-AA87-1D5EB4F5095A}.Debug|Any CPU.Build.0 = Debug|Any CPU
		{E776A1D5-5378-4DDE-AA87-1D5EB4F5095A}.Release|Any CPU.ActiveCfg = Release|Any CPU
		{E776A1D5-5378-4DDE-AA87-1D5EB4F5095A}.Release|Any CPU.Build.0 = Release|Any CPU
	EndGlobalSection
	GlobalSection(SolutionProperties) = preSolution
		HideSolutionNode = FALSE
	EndGlobalSection
	GlobalSection(ExtensibilityGlobals) = postSolution
		SolutionGuid = {565F46B0-9C55-4BAF-AAB4-B385A0AC84BE}
	EndGlobalSection
EndGlobal
